# THIS IS AN AUTOGENERATED FILE. DO NOT EDIT THIS FILE DIRECTLY.
# yarn lockfile v1


csv-parse@^4.10.1:
  version "4.10.1"
  resolved "https://registry.yarnpkg.com/csv-parse/-/csv-parse-4.10.1.tgz#1e26ba63d29c75e94d0eba6e9de9a8aaf89d72a6"
  integrity sha512-gdDJVchi0oSLIcYXz1H/VSgLE6htHDqJyFsRU/vTkQgmVOZ3S0IR2LXnNbWUYG7VD76dYVwdfBLyx8AX9+An8A==
